
Microsoft Visual Studio Solution File, Format Version 12.00
# Visual Studio 2013
VisualStudioVersion = 12.0.31101.0
MinimumVisualStudioVersion = 10.0.40219.1
Project("{FAE04EC0-301F-11D3-BF4B-00C04F79EFBC}") = "PipelinePlusPlus", "PipelinePlusPlus\PipelinePlusPlus.csproj", "{BD234F0C-B458-4C7A-B0B6-CD4E69FDA1C8}"
EndProject
Project("{FAE04EC0-301F-11D3-BF4B-00C04F79EFBC}") = "PipelineConsumer", "PipelineConsumer\PipelineConsumer.csproj", "{A3AD41C1-C389-46F1-875D-809528E22C99}"
EndProject
Project("{FAE04EC0-301F-11D3-BF4B-00C04F79EFBC}") = "PipelineFramework.Tests", "PipelineFramework.Tests\PipelineFramework.Tests.csproj", "{2639B2FD-FF09-442C-A217-8E25EE378F67}"
EndProject
Global
	GlobalSection(SolutionConfigurationPlatforms) = preSolution
		Debug|Any CPU = Debug|Any CPU
		Release|Any CPU = Release|Any CPU
	EndGlobalSection
	GlobalSection(ProjectConfigurationPlatforms) = postSolution
		{BD234F0C-B458-4C7A-B0B6-CD4E69FDA1C8}.Debug|Any CPU.ActiveCfg = Debug|Any CPU
		{BD234F0C-B458-4C7A-B0B6-CD4E69FDA1C8}.Debug|Any CPU.Build.0 = Debug|Any CPU
		{BD234F0C-B458-4C7A-B0B6-CD4E69FDA1C8}.Release|Any CPU.ActiveCfg = Release|Any CPU
		{BD234F0C-B458-4C7A-B0B6-CD4E69FDA1C8}.Release|Any CPU.Build.0 = Release|Any CPU
		{A3AD41C1-C389-46F1-875D-809528E22C99}.Debug|Any CPU.ActiveCfg = Debug|Any CPU
		{A3AD41C1-C389-46F1-875D-809528E22C99}.Debug|Any CPU.Build.0 = Debug|Any CPU
		{A3AD41C1-C389-46F1-875D-809528E22C99}.Release|Any CPU.ActiveCfg = Release|Any CPU
		{A3AD41C1-C389-46F1-875D-809528E22C99}.Release|Any CPU.Build.0 = Release|Any CPU
		{2639B2FD-FF09-442C-A217-8E25EE378F67}.Debug|Any CPU.ActiveCfg = Debug|Any CPU
		{2639B2FD-FF09-442C-A217-8E25EE378F67}.Debug|Any CPU.Build.0 = Debug|Any CPU
		{2639B2FD-FF09-442C-A217-8E25EE378F67}.Release|Any CPU.ActiveCfg = Release|Any CPU
		{2639B2FD-FF09-442C-A217-8E25EE378F67}.Release|Any CPU.Build.0 = Release|Any CPU
	EndGlobalSection
	GlobalSection(SolutionProperties) = preSolution
		HideSolutionNode = FALSE
	EndGlobalSection
EndGlobal
